
Microsoft Visual Studio Solution File, Format Version 12.00
# Visual Studio Version 17
VisualStudioVersion = 17.9.34723.18
MinimumVisualStudioVersion = 10.0.40219.1
Project("{FAE04EC0-301F-11D3-BF4B-00C04F79EFBC}") = "WindowsServiceTest", "WindowsServiceTest\WindowsServiceTest.csproj", "{B997FAEC-A6B7-46A3-A064-8B931CA4540C}"
EndProject
Project("{FAE04EC0-301F-11D3-BF4B-00C04F79EFBC}") = "WindowsServiceTestUI", "WindowsServiceTestUI\WindowsServiceTestUI.csproj", "{07445760-082C-4B2B-8E06-53505B3AB01B}"
EndProject
Project("{FAE04EC0-301F-11D3-BF4B-00C04F79EFBC}") = "WindowsServiceFromGPT", "WindowsServiceFromGPT\WindowsServiceFromGPT.csproj", "{9C4217ED-C473-4094-AA35-AE38DA44FFA0}"
EndProject
Global
	GlobalSection(SolutionConfigurationPlatforms) = preSolution
		Debug|Any CPU = Debug|Any CPU
		Debug|x86 = Debug|x86
		Release|Any CPU = Release|Any CPU
		Release|x86 = Release|x86
	EndGlobalSection
	GlobalSection(ProjectConfigurationPlatforms) = postSolution
		{B997FAEC-A6B7-46A3-A064-8B931CA4540C}.Debug|Any CPU.ActiveCfg = Debug|x86
		{B997FAEC-A6B7-46A3-A064-8B931CA4540C}.Debug|Any CPU.Build.0 = Debug|x86
		{B997FAEC-A6B7-46A3-A064-8B931CA4540C}.Debug|x86.ActiveCfg = Debug|x86
		{B997FAEC-A6B7-46A3-A064-8B931CA4540C}.Debug|x86.Build.0 = Debug|x86
		{B997FAEC-A6B7-46A3-A064-8B931CA4540C}.Release|Any CPU.ActiveCfg = Release|x86
		{B997FAEC-A6B7-46A3-A064-8B931CA4540C}.Release|Any CPU.Build.0 = Release|x86
		{B997FAEC-A6B7-46A3-A064-8B931CA4540C}.Release|x86.ActiveCfg = Release|x86
		{B997FAEC-A6B7-46A3-A064-8B931CA4540C}.Release|x86.Build.0 = Release|x86
		{07445760-082C-4B2B-8E06-53505B3AB01B}.Debug|Any CPU.ActiveCfg = Debug|x86
		{07445760-082C-4B2B-8E06-53505B3AB01B}.Debug|Any CPU.Build.0 = Debug|x86
		{07445760-082C-4B2B-8E06-53505B3AB01B}.Debug|x86.ActiveCfg = Debug|x86
		{07445760-082C-4B2B-8E06-53505B3AB01B}.Debug|x86.Build.0 = Debug|x86
		{07445760-082C-4B2B-8E06-53505B3AB01B}.Release|Any CPU.ActiveCfg = Release|x86
		{07445760-082C-4B2B-8E06-53505B3AB01B}.Release|Any CPU.Build.0 = Release|x86
		{07445760-082C-4B2B-8E06-53505B3AB01B}.Release|x86.ActiveCfg = Release|x86
		{07445760-082C-4B2B-8E06-53505B3AB01B}.Release|x86.Build.0 = Release|x86
		{9C4217ED-C473-4094-AA35-AE38DA44FFA0}.Debug|Any CPU.ActiveCfg = Debug|Any CPU
		{9C4217ED-C473-4094-AA35-AE38DA44FFA0}.Debug|Any CPU.Build.0 = Debug|Any CPU
		{9C4217ED-C473-4094-AA35-AE38DA44FFA0}.Debug|x86.ActiveCfg = Debug|Any CPU
		{9C4217ED-C473-4094-AA35-AE38DA44FFA0}.Debug|x86.Build.0 = Debug|Any CPU
		{9C4217ED-C473-4094-AA35-AE38DA44FFA0}.Release|Any CPU.ActiveCfg = Release|Any CPU
		{9C4217ED-C473-4094-AA35-AE38DA44FFA0}.Release|Any CPU.Build.0 = Release|Any CPU
		{9C4217ED-C473-4094-AA35-AE38DA44FFA0}.Release|x86.ActiveCfg = Release|Any CPU
		{9C4217ED-C473-4094-AA35-AE38DA44FFA0}.Release|x86.Build.0 = Release|Any CPU
	EndGlobalSection
	GlobalSection(SolutionProperties) = preSolution
		HideSolutionNode = FALSE
	EndGlobalSection
	GlobalSection(ExtensibilityGlobals) = postSolution
		SolutionGuid = {C3B9871F-51A5-4602-9843-7BC16ECB3995}
	EndGlobalSection
EndGlobal
